
Microsoft Visual Studio Solution File, Format Version 12.00
# Visual Studio Version 17
VisualStudioVersion = 17.11.35303.130
MinimumVisualStudioVersion = 10.0.40219.1
Project("{2150E333-8FDC-42A3-9474-1A3956D46DE8}") = "Task0", "Task0", "{C0044E40-ADF4-4A12-A663-62CB16550899}"
EndProject
Project("{9A19103F-16F7-4668-BE54-9A1E7A4F7556}") = "Tyuiu.BabaiKV.Sprint2.Task0.V23", "Tyuiu.BabaiKV.Sprint2.Task0.V23\Tyuiu.BabaiKV.Sprint2.Task0.V23.csproj", "{B38BA2A3-DE5C-4800-9EB8-976377FB70A7}"
EndProject
Project("{9A19103F-16F7-4668-BE54-9A1E7A4F7556}") = "Tyuiu.BabaiKV.Sprint2.Task0.V23.Lib", "Tyuiu.BabaiKV.Sprint2.Task0.V23.Lib\Tyuiu.BabaiKV.Sprint2.Task0.V23.Lib.csproj", "{CCF21118-E789-49DB-895D-9B787194B1A1}"
EndProject
Project("{9A19103F-16F7-4668-BE54-9A1E7A4F7556}") = "Tyuiu.BabaiKV.Sprint2.Task0.V23.Test", "Tyuiu.BabaiKV.Sprint2.Task0.V23.Test\Tyuiu.BabaiKV.Sprint2.Task0.V23.Test.csproj", "{65742A0A-2686-40B0-BE0E-C6928ED7EDD4}"
EndProject
Project("{2150E333-8FDC-42A3-9474-1A3956D46DE8}") = "Task1", "Task1", "{2BA21453-ABDD-4DEF-86BC-7EA565610B9E}"
EndProject
Project("{9A19103F-16F7-4668-BE54-9A1E7A4F7556}") = "Tyuiu.BabaiKV.Sprint2.Task1.V23", "Tyuiu.BabaiKV.Sprint2.Task1.V23\Tyuiu.BabaiKV.Sprint2.Task1.V23.csproj", "{03F96D64-25EC-4A6A-AC95-67185B5E6833}"
EndProject
Project("{9A19103F-16F7-4668-BE54-9A1E7A4F7556}") = "Tyuiu.BabaiKV.Sprint2.Task1.V23.Lib", "Tyuiu.BabaiKV.Sprint2.Task1.V23.Lib\Tyuiu.BabaiKV.Sprint2.Task1.V23.Lib.csproj", "{EA99891C-8774-4693-BDBF-0BED420677EB}"
EndProject
Project("{9A19103F-16F7-4668-BE54-9A1E7A4F7556}") = "Tyuiu.BabaiKV.Sprint2.Task1.V23.Test", "Tyuiu.BabaiKV.Sprint2.Task1.V23.Test\Tyuiu.BabaiKV.Sprint2.Task1.V23.Test.csproj", "{B82E46D1-EFDA-46B4-A568-80697F2A9438}"
EndProject
Project("{2150E333-8FDC-42A3-9474-1A3956D46DE8}") = "Task2", "Task2", "{DFCB0F92-FF83-4F47-B7E7-802FE6CDC959}"
EndProject
Project("{9A19103F-16F7-4668-BE54-9A1E7A4F7556}") = "Tyuiu.BabaiKV.Sprint2.Task2.V5", "Tyuiu.BabaiKV.Sprint2.Task2.V5\Tyuiu.BabaiKV.Sprint2.Task2.V5.csproj", "{DAA93326-D90A-4A2B-B88E-A1336ECF67FF}"
EndProject
Project("{9A19103F-16F7-4668-BE54-9A1E7A4F7556}") = "Tyuiu.BabaiKV.Sprint2.Task2.V5.Lib", "Tyuiu.BabaiKV.Sprint2.Task2.V5.Lib\Tyuiu.BabaiKV.Sprint2.Task2.V5.Lib.csproj", "{F779C2F3-AAC8-4A1E-8C82-64924189FE2B}"
EndProject
Project("{9A19103F-16F7-4668-BE54-9A1E7A4F7556}") = "Tyuiu.BabaiKV.Sprint2.Task2.V5.Test", "Tyuiu.BabaiKV.Sprint2.Task2.V5.Test\Tyuiu.BabaiKV.Sprint2.Task2.V5.Test.csproj", "{CE277ECA-F77B-4599-983A-93F51190F171}"
EndProject
Project("{2150E333-8FDC-42A3-9474-1A3956D46DE8}") = "Task3", "Task3", "{8E72DA44-114F-49FF-A048-B471F6AFE56D}"
EndProject
Project("{9A19103F-16F7-4668-BE54-9A1E7A4F7556}") = "Tyuiu.BabaiKV.Sprint2.Task3.V28", "Tyuiu.BabaiKV.Sprint2.Task3.V28\Tyuiu.BabaiKV.Sprint2.Task3.V28.csproj", "{7FCA2566-1581-4FC0-AE25-EF0CF5A8D197}"
EndProject
Project("{9A19103F-16F7-4668-BE54-9A1E7A4F7556}") = "Tyuiu.BabaiKV.Sprint2.Task3.V28.Lib", "Tyuiu.BabaiKV.Sprint2.Task3.V28.Lib\Tyuiu.BabaiKV.Sprint2.Task3.V28.Lib.csproj", "{0062575D-7663-4F29-91CC-87E631BEB449}"
EndProject
Project("{9A19103F-16F7-4668-BE54-9A1E7A4F7556}") = "Tyuiu.BabaiKV.Sprint2.Task3.V28.Test", "Tyuiu.BabaiKV.Sprint2.Task3.V28.Test\Tyuiu.BabaiKV.Sprint2.Task3.V28.Test.csproj", "{6F466D5C-5C4E-4B89-B5D8-E73C7B1268EF}"
EndProject
Project("{2150E333-8FDC-42A3-9474-1A3956D46DE8}") = "Task4", "Task4", "{2CF45DCE-9C88-48DF-B252-C151A0D113DD}"
EndProject
Project("{FAE04EC0-301F-11D3-BF4B-00C04F79EFBC}") = "Tyuiu.BabaiKV.Sprint2.Task4.V25", "Tyuiu.BabaiKV.Sprint2.Task4.V25\Tyuiu.BabaiKV.Sprint2.Task4.V25.csproj", "{EEF67FD1-C497-4702-8135-498C9B152682}"
EndProject
Project("{FAE04EC0-301F-11D3-BF4B-00C04F79EFBC}") = "Tyuiu.BabaiKV.Sprint2.Task4.V25.Lib", "Tyuiu.BabaiKV.Sprint2.Task4.V25.Lib\Tyuiu.BabaiKV.Sprint2.Task4.V25.Lib.csproj", "{81173187-0507-47DD-9534-8408556F834D}"
EndProject
Project("{FAE04EC0-301F-11D3-BF4B-00C04F79EFBC}") = "Tyuiu.BabaiKV.Sprint2.Task4.V25.Test", "Tyuiu.BabaiKV.Sprint2.Task4.V25.Test\Tyuiu.BabaiKV.Sprint2.Task4.V25.Test.csproj", "{15D0C6BE-1EA4-4A8F-8492-28394E1E2011}"
EndProject
Project("{2150E333-8FDC-42A3-9474-1A3956D46DE8}") = "Task5", "Task5", "{E3713D91-D899-45E5-8BC3-F7B072CDD8BB}"
EndProject
Project("{FAE04EC0-301F-11D3-BF4B-00C04F79EFBC}") = "Tyuiu.BabaiKV.Sprint2.Task5.V3", "Tyuiu.BabaiKV.Sprint2.Task5.V3\Tyuiu.BabaiKV.Sprint2.Task5.V3.csproj", "{06D96A3C-5C5B-4A3F-9C47-3B4AE523E857}"
EndProject
Project("{FAE04EC0-301F-11D3-BF4B-00C04F79EFBC}") = "Tyuiu.BabaiKV.Sprint2.Task5.V3.Lib", "Tyuiu.BabaiKV.Sprint2.Task5.V3.Lib\Tyuiu.BabaiKV.Sprint2.Task5.V3.Lib.csproj", "{E0E5FC61-6B7D-41CD-AC4E-36344323AB2F}"
EndProject
Project("{FAE04EC0-301F-11D3-BF4B-00C04F79EFBC}") = "Tyuiu.BabaiKV.Sprint2.Task5.V3.Test", "Tyuiu.BabaiKV.Sprint2.Task5.V3.Test\Tyuiu.BabaiKV.Sprint2.Task5.V3.Test.csproj", "{9F0B9378-8720-4B8B-91F5-90AE070F2910}"
EndProject
Project("{2150E333-8FDC-42A3-9474-1A3956D46DE8}") = "Task6", "Task6", "{550EB6EE-0B10-4EF8-BB77-5425DDCF188C}"
EndProject
Project("{FAE04EC0-301F-11D3-BF4B-00C04F79EFBC}") = "Tyuiu.BabaiKV.Sprint2.Task6.V3", "Tyuiu.BabaiKV.Sprint2.Task6.V3\Tyuiu.BabaiKV.Sprint2.Task6.V3.csproj", "{32CDFEF2-6D1F-4DDC-9A05-644A17648C1E}"
EndProject
Project("{FAE04EC0-301F-11D3-BF4B-00C04F79EFBC}") = "Tyuiu.BabaiKV.Sprint2.Task6.V3.Lib", "Tyuiu.BabaiKV.Sprint2.Task6.V3.Lib\Tyuiu.BabaiKV.Sprint2.Task6.V3.Lib.csproj", "{9738FF1B-4968-4A84-8860-41397A9B6724}"
EndProject
Project("{FAE04EC0-301F-11D3-BF4B-00C04F79EFBC}") = "Tyuiu.BabaiKV.Sprint2.Task6.V3.Test", "Tyuiu.BabaiKV.Sprint2.Task6.V3.Test\Tyuiu.BabaiKV.Sprint2.Task6.V3.Test.csproj", "{77B88623-A135-4B89-97D8-6D9D2472EA4A}"
EndProject
Global
	GlobalSection(SolutionConfigurationPlatforms) = preSolution
		Debug|Any CPU = Debug|Any CPU
		Release|Any CPU = Release|Any CPU
	EndGlobalSection
	GlobalSection(ProjectConfigurationPlatforms) = postSolution
		{B38BA2A3-DE5C-4800-9EB8-976377FB70A7}.Debug|Any CPU.ActiveCfg = Debug|Any CPU
		{B38BA2A3-DE5C-4800-9EB8-976377FB70A7}.Debug|Any CPU.Build.0 = Debug|Any CPU
		{B38BA2A3-DE5C-4800-9EB8-976377FB70A7}.Release|Any CPU.ActiveCfg = Release|Any CPU
		{B38BA2A3-DE5C-4800-9EB8-976377FB70A7}.Release|Any CPU.Build.0 = Release|Any CPU
		{CCF21118-E789-49DB-895D-9B787194B1A1}.Debug|Any CPU.ActiveCfg = Debug|Any CPU
		{CCF21118-E789-49DB-895D-9B787194B1A1}.Debug|Any CPU.Build.0 = Debug|Any CPU
		{CCF21118-E789-49DB-895D-9B787194B1A1}.Release|Any CPU.ActiveCfg = Release|Any CPU
		{CCF21118-E789-49DB-895D-9B787194B1A1}.Release|Any CPU.Build.0 = Release|Any CPU
		{65742A0A-2686-40B0-BE0E-C6928ED7EDD4}.Debug|Any CPU.ActiveCfg = Debug|Any CPU
		{65742A0A-2686-40B0-BE0E-C6928ED7EDD4}.Debug|Any CPU.Build.0 = Debug|Any CPU
		{65742A0A-2686-40B0-BE0E-C6928ED7EDD4}.Release|Any CPU.ActiveCfg = Release|Any CPU
		{65742A0A-2686-40B0-BE0E-C6928ED7EDD4}.Release|Any CPU.Build.0 = Release|Any CPU
		{03F96D64-25EC-4A6A-AC95-67185B5E6833}.Debug|Any CPU.ActiveCfg = Debug|Any CPU
		{03F96D64-25EC-4A6A-AC95-67185B5E6833}.Debug|Any CPU.Build.0 = Debug|Any CPU
		{03F96D64-25EC-4A6A-AC95-67185B5E6833}.Release|Any CPU.ActiveCfg = Release|Any CPU
		{03F96D64-25EC-4A6A-AC95-67185B5E6833}.Release|Any CPU.Build.0 = Release|Any CPU
		{EA99891C-8774-4693-BDBF-0BED420677EB}.Debug|Any CPU.ActiveCfg = Debug|Any CPU
		{EA99891C-8774-4693-BDBF-0BED420677EB}.Debug|Any CPU.Build.0 = Debug|Any CPU
		{EA99891C-8774-4693-BDBF-0BED420677EB}.Release|Any CPU.ActiveCfg = Release|Any CPU
		{EA99891C-8774-4693-BDBF-0BED420677EB}.Release|Any CPU.Build.0 = Release|Any CPU
		{B82E46D1-EFDA-46B4-A568-80697F2A9438}.Debug|Any CPU.ActiveCfg = Debug|Any CPU
		{B82E46D1-EFDA-46B4-A568-80697F2A9438}.Debug|Any CPU.Build.0 = Debug|Any CPU
		{B82E46D1-EFDA-46B4-A568-80697F2A9438}.Release|Any CPU.ActiveCfg = Release|Any CPU
		{B82E46D1-EFDA-46B4-A568-80697F2A9438}.Release|Any CPU.Build.0 = Release|Any CPU
		{DAA93326-D90A-4A2B-B88E-A1336ECF67FF}.Debug|Any CPU.ActiveCfg = Debug|Any CPU
		{DAA93326-D90A-4A2B-B88E-A1336ECF67FF}.Debug|Any CPU.Build.0 = Debug|Any CPU
		{DAA93326-D90A-4A2B-B88E-A1336ECF67FF}.Release|Any CPU.ActiveCfg = Release|Any CPU
		{DAA93326-D90A-4A2B-B88E-A1336ECF67FF}.Release|Any CPU.Build.0 = Release|Any CPU
		{F779C2F3-AAC8-4A1E-8C82-64924189FE2B}.Debug|Any CPU.ActiveCfg = Debug|Any CPU
		{F779C2F3-AAC8-4A1E-8C82-64924189FE2B}.Debug|Any CPU.Build.0 = Debug|Any CPU
		{F779C2F3-AAC8-4A1E-8C82-64924189FE2B}.Release|Any CPU.ActiveCfg = Release|Any CPU
		{F779C2F3-AAC8-4A1E-8C82-64924189FE2B}.Release|Any CPU.Build.0 = Release|Any CPU
		{CE277ECA-F77B-4599-983A-93F51190F171}.Debug|Any CPU.ActiveCfg = Debug|Any CPU
		{CE277ECA-F77B-4599-983A-93F51190F171}.Debug|Any CPU.Build.0 = Debug|Any CPU
		{CE277ECA-F77B-4599-983A-93F51190F171}.Release|Any CPU.ActiveCfg = Release|Any CPU
		{CE277ECA-F77B-4599-983A-93F51190F171}.Release|Any CPU.Build.0 = Release|Any CPU
		{7FCA2566-1581-4FC0-AE25-EF0CF5A8D197}.Debug|Any CPU.ActiveCfg = Debug|Any CPU
		{7FCA2566-1581-4FC0-AE25-EF0CF5A8D197}.Debug|Any CPU.Build.0 = Debug|Any CPU
		{7FCA2566-1581-4FC0-AE25-EF0CF5A8D197}.Release|Any CPU.ActiveCfg = Release|Any CPU
		{7FCA2566-1581-4FC0-AE25-EF0CF5A8D197}.Release|Any CPU.Build.0 = Release|Any CPU
		{0062575D-7663-4F29-91CC-87E631BEB449}.Debug|Any CPU.ActiveCfg = Debug|Any CPU
		{0062575D-7663-4F29-91CC-87E631BEB449}.Debug|Any CPU.Build.0 = Debug|Any CPU
		{0062575D-7663-4F29-91CC-87E631BEB449}.Release|Any CPU.ActiveCfg = Release|Any CPU
		{0062575D-7663-4F29-91CC-87E631BEB449}.Release|Any CPU.Build.0 = Release|Any CPU
		{6F466D5C-5C4E-4B89-B5D8-E73C7B1268EF}.Debug|Any CPU.ActiveCfg = Debug|Any CPU
		{6F466D5C-5C4E-4B89-B5D8-E73C7B1268EF}.Debug|Any CPU.Build.0 = Debug|Any CPU
		{6F466D5C-5C4E-4B89-B5D8-E73C7B1268EF}.Release|Any CPU.ActiveCfg = Release|Any CPU
		{6F466D5C-5C4E-4B89-B5D8-E73C7B1268EF}.Release|Any CPU.Build.0 = Release|Any CPU
		{EEF67FD1-C497-4702-8135-498C9B152682}.Debug|Any CPU.ActiveCfg = Debug|Any CPU
		{EEF67FD1-C497-4702-8135-498C9B152682}.Debug|Any CPU.Build.0 = Debug|Any CPU
		{EEF67FD1-C497-4702-8135-498C9B152682}.Release|Any CPU.ActiveCfg = Release|Any CPU
		{EEF67FD1-C497-4702-8135-498C9B152682}.Release|Any CPU.Build.0 = Release|Any CPU
		{81173187-0507-47DD-9534-8408556F834D}.Debug|Any CPU.ActiveCfg = Debug|Any CPU
		{81173187-0507-47DD-9534-8408556F834D}.Debug|Any CPU.Build.0 = Debug|Any CPU
		{81173187-0507-47DD-9534-8408556F834D}.Release|Any CPU.ActiveCfg = Release|Any CPU
		{81173187-0507-47DD-9534-8408556F834D}.Release|Any CPU.Build.0 = Release|Any CPU
		{15D0C6BE-1EA4-4A8F-8492-28394E1E2011}.Debug|Any CPU.ActiveCfg = Debug|Any CPU
		{15D0C6BE-1EA4-4A8F-8492-28394E1E2011}.Debug|Any CPU.Build.0 = Debug|Any CPU
		{15D0C6BE-1EA4-4A8F-8492-28394E1E2011}.Release|Any CPU.ActiveCfg = Release|Any CPU
		{15D0C6BE-1EA4-4A8F-8492-28394E1E2011}.Release|Any CPU.Build.0 = Release|Any CPU
		{06D96A3C-5C5B-4A3F-9C47-3B4AE523E857}.Debug|Any CPU.ActiveCfg = Debug|Any CPU
		{06D96A3C-5C5B-4A3F-9C47-3B4AE523E857}.Debug|Any CPU.Build.0 = Debug|Any CPU
		{06D96A3C-5C5B-4A3F-9C47-3B4AE523E857}.Release|Any CPU.ActiveCfg = Release|Any CPU
		{06D96A3C-5C5B-4A3F-9C47-3B4AE523E857}.Release|Any CPU.Build.0 = Release|Any CPU
		{E0E5FC61-6B7D-41CD-AC4E-36344323AB2F}.Debug|Any CPU.ActiveCfg = Debug|Any CPU
		{E0E5FC61-6B7D-41CD-AC4E-36344323AB2F}.Debug|Any CPU.Build.0 = Debug|Any CPU
		{E0E5FC61-6B7D-41CD-AC4E-36344323AB2F}.Release|Any CPU.ActiveCfg = Release|Any CPU
		{E0E5FC61-6B7D-41CD-AC4E-36344323AB2F}.Release|Any CPU.Build.0 = Release|Any CPU
		{9F0B9378-8720-4B8B-91F5-90AE070F2910}.Debug|Any CPU.ActiveCfg = Debug|Any CPU
		{9F0B9378-8720-4B8B-91F5-90AE070F2910}.Debug|Any CPU.Build.0 = Debug|Any CPU
		{9F0B9378-8720-4B8B-91F5-90AE070F2910}.Release|Any CPU.ActiveCfg = Release|Any CPU
		{9F0B9378-8720-4B8B-91F5-90AE070F2910}.Release|Any CPU.Build.0 = Release|Any CPU
		{32CDFEF2-6D1F-4DDC-9A05-644A17648C1E}.Debug|Any CPU.ActiveCfg = Debug|Any CPU
		{32CDFEF2-6D1F-4DDC-9A05-644A17648C1E}.Debug|Any CPU.Build.0 = Debug|Any CPU
		{32CDFEF2-6D1F-4DDC-9A05-644A17648C1E}.Release|Any CPU.ActiveCfg = Release|Any CPU
		{32CDFEF2-6D1F-4DDC-9A05-644A17648C1E}.Release|Any CPU.Build.0 = Release|Any CPU
		{9738FF1B-4968-4A84-8860-41397A9B6724}.Debug|Any CPU.ActiveCfg = Debug|Any CPU
		{9738FF1B-4968-4A84-8860-41397A9B6724}.Debug|Any CPU.Build.0 = Debug|Any CPU
		{9738FF1B-4968-4A84-8860-41397A9B6724}.Release|Any CPU.ActiveCfg = Release|Any CPU
		{9738FF1B-4968-4A84-8860-41397A9B6724}.Release|Any CPU.Build.0 = Release|Any CPU
		{77B88623-A135-4B89-97D8-6D9D2472EA4A}.Debug|Any CPU.ActiveCfg = Debug|Any CPU
		{77B88623-A135-4B89-97D8-6D9D2472EA4A}.Debug|Any CPU.Build.0 = Debug|Any CPU
		{77B88623-A135-4B89-97D8-6D9D2472EA4A}.Release|Any CPU.ActiveCfg = Release|Any CPU
		{77B88623-A135-4B89-97D8-6D9D2472EA4A}.Release|Any CPU.Build.0 = Release|Any CPU
	EndGlobalSection
	GlobalSection(SolutionProperties) = preSolution
		HideSolutionNode = FALSE
	EndGlobalSection
	GlobalSection(NestedProjects) = preSolution
		{B38BA2A3-DE5C-4800-9EB8-976377FB70A7} = {C0044E40-ADF4-4A12-A663-62CB16550899}
		{CCF21118-E789-49DB-895D-9B787194B1A1} = {C0044E40-ADF4-4A12-A663-62CB16550899}
		{65742A0A-2686-40B0-BE0E-C6928ED7EDD4} = {C0044E40-ADF4-4A12-A663-62CB16550899}
		{03F96D64-25EC-4A6A-AC95-67185B5E6833} = {2BA21453-ABDD-4DEF-86BC-7EA565610B9E}
		{EA99891C-8774-4693-BDBF-0BED420677EB} = {2BA21453-ABDD-4DEF-86BC-7EA565610B9E}
		{B82E46D1-EFDA-46B4-A568-80697F2A9438} = {2BA21453-ABDD-4DEF-86BC-7EA565610B9E}
		{DAA93326-D90A-4A2B-B88E-A1336ECF67FF} = {DFCB0F92-FF83-4F47-B7E7-802FE6CDC959}
		{F779C2F3-AAC8-4A1E-8C82-64924189FE2B} = {DFCB0F92-FF83-4F47-B7E7-802FE6CDC959}
		{CE277ECA-F77B-4599-983A-93F51190F171} = {DFCB0F92-FF83-4F47-B7E7-802FE6CDC959}
		{7FCA2566-1581-4FC0-AE25-EF0CF5A8D197} = {8E72DA44-114F-49FF-A048-B471F6AFE56D}
		{0062575D-7663-4F29-91CC-87E631BEB449} = {8E72DA44-114F-49FF-A048-B471F6AFE56D}
		{6F466D5C-5C4E-4B89-B5D8-E73C7B1268EF} = {8E72DA44-114F-49FF-A048-B471F6AFE56D}
		{EEF67FD1-C497-4702-8135-498C9B152682} = {2CF45DCE-9C88-48DF-B252-C151A0D113DD}
		{81173187-0507-47DD-9534-8408556F834D} = {2CF45DCE-9C88-48DF-B252-C151A0D113DD}
		{15D0C6BE-1EA4-4A8F-8492-28394E1E2011} = {2CF45DCE-9C88-48DF-B252-C151A0D113DD}
		{06D96A3C-5C5B-4A3F-9C47-3B4AE523E857} = {E3713D91-D899-45E5-8BC3-F7B072CDD8BB}
		{E0E5FC61-6B7D-41CD-AC4E-36344323AB2F} = {E3713D91-D899-45E5-8BC3-F7B072CDD8BB}
		{9F0B9378-8720-4B8B-91F5-90AE070F2910} = {E3713D91-D899-45E5-8BC3-F7B072CDD8BB}
		{32CDFEF2-6D1F-4DDC-9A05-644A17648C1E} = {550EB6EE-0B10-4EF8-BB77-5425DDCF188C}
		{9738FF1B-4968-4A84-8860-41397A9B6724} = {550EB6EE-0B10-4EF8-BB77-5425DDCF188C}
		{77B88623-A135-4B89-97D8-6D9D2472EA4A} = {550EB6EE-0B10-4EF8-BB77-5425DDCF188C}
	EndGlobalSection
	GlobalSection(ExtensibilityGlobals) = postSolution
		SolutionGuid = {B5E6E1E0-8987-4D23-BCE7-2C391F47543A}
	EndGlobalSection
EndGlobal
