
Microsoft Visual Studio Solution File, Format Version 12.00
# Visual Studio Version 17
VisualStudioVersion = 17.11.35303.130
MinimumVisualStudioVersion = 10.0.40219.1
Project("{2150E333-8FDC-42A3-9474-1A3956D46DE8}") = "Task0", "Task0", "{C0044E40-ADF4-4A12-A663-62CB16550899}"
EndProject
Project("{9A19103F-16F7-4668-BE54-9A1E7A4F7556}") = "Tyuiu.BabaiKV.Sprint2.Task0.V23", "Tyuiu.BabaiKV.Sprint2.Task0.V23\Tyuiu.BabaiKV.Sprint2.Task0.V23.csproj", "{B38BA2A3-DE5C-4800-9EB8-976377FB70A7}"
EndProject
Project("{9A19103F-16F7-4668-BE54-9A1E7A4F7556}") = "Tyuiu.BabaiKV.Sprint2.Task0.V23.Lib", "Tyuiu.BabaiKV.Sprint2.Task0.V23.Lib\Tyuiu.BabaiKV.Sprint2.Task0.V23.Lib.csproj", "{CCF21118-E789-49DB-895D-9B787194B1A1}"
EndProject
Project("{9A19103F-16F7-4668-BE54-9A1E7A4F7556}") = "Tyuiu.BabaiKV.Sprint2.Task0.V23.Test", "Tyuiu.BabaiKV.Sprint2.Task0.V23.Test\Tyuiu.BabaiKV.Sprint2.Task0.V23.Test.csproj", "{65742A0A-2686-40B0-BE0E-C6928ED7EDD4}"
EndProject
Project("{2150E333-8FDC-42A3-9474-1A3956D46DE8}") = "Task1", "Task1", "{2BA21453-ABDD-4DEF-86BC-7EA565610B9E}"
EndProject
Project("{FAE04EC0-301F-11D3-BF4B-00C04F79EFBC}") = "Tyuiu.BabaiKV.Sprint2.Task1.V23", "Tyuiu.BabaiKV.Sprint2.Task1.V23\Tyuiu.BabaiKV.Sprint2.Task1.V23.csproj", "{03F96D64-25EC-4A6A-AC95-67185B5E6833}"
EndProject
Project("{FAE04EC0-301F-11D3-BF4B-00C04F79EFBC}") = "Tyuiu.BabaiKV.Sprint2.Task1.V23.Lib", "Tyuiu.BabaiKV.Sprint2.Task1.V23.Lib\Tyuiu.BabaiKV.Sprint2.Task1.V23.Lib.csproj", "{EA99891C-8774-4693-BDBF-0BED420677EB}"
EndProject
Project("{FAE04EC0-301F-11D3-BF4B-00C04F79EFBC}") = "Tyuiu.BabaiKV.Sprint2.Task1.V23.Test", "Tyuiu.BabaiKV.Sprint2.Task1.V23.Test\Tyuiu.BabaiKV.Sprint2.Task1.V23.Test.csproj", "{B82E46D1-EFDA-46B4-A568-80697F2A9438}"
EndProject
Global
	GlobalSection(SolutionConfigurationPlatforms) = preSolution
		Debug|Any CPU = Debug|Any CPU
		Release|Any CPU = Release|Any CPU
	EndGlobalSection
	GlobalSection(ProjectConfigurationPlatforms) = postSolution
		{B38BA2A3-DE5C-4800-9EB8-976377FB70A7}.Debug|Any CPU.ActiveCfg = Debug|Any CPU
		{B38BA2A3-DE5C-4800-9EB8-976377FB70A7}.Debug|Any CPU.Build.0 = Debug|Any CPU
		{B38BA2A3-DE5C-4800-9EB8-976377FB70A7}.Release|Any CPU.ActiveCfg = Release|Any CPU
		{B38BA2A3-DE5C-4800-9EB8-976377FB70A7}.Release|Any CPU.Build.0 = Release|Any CPU
		{CCF21118-E789-49DB-895D-9B787194B1A1}.Debug|Any CPU.ActiveCfg = Debug|Any CPU
		{CCF21118-E789-49DB-895D-9B787194B1A1}.Debug|Any CPU.Build.0 = Debug|Any CPU
		{CCF21118-E789-49DB-895D-9B787194B1A1}.Release|Any CPU.ActiveCfg = Release|Any CPU
		{CCF21118-E789-49DB-895D-9B787194B1A1}.Release|Any CPU.Build.0 = Release|Any CPU
		{65742A0A-2686-40B0-BE0E-C6928ED7EDD4}.Debug|Any CPU.ActiveCfg = Debug|Any CPU
		{65742A0A-2686-40B0-BE0E-C6928ED7EDD4}.Debug|Any CPU.Build.0 = Debug|Any CPU
		{65742A0A-2686-40B0-BE0E-C6928ED7EDD4}.Release|Any CPU.ActiveCfg = Release|Any CPU
		{65742A0A-2686-40B0-BE0E-C6928ED7EDD4}.Release|Any CPU.Build.0 = Release|Any CPU
		{03F96D64-25EC-4A6A-AC95-67185B5E6833}.Debug|Any CPU.ActiveCfg = Debug|Any CPU
		{03F96D64-25EC-4A6A-AC95-67185B5E6833}.Debug|Any CPU.Build.0 = Debug|Any CPU
		{03F96D64-25EC-4A6A-AC95-67185B5E6833}.Release|Any CPU.ActiveCfg = Release|Any CPU
		{03F96D64-25EC-4A6A-AC95-67185B5E6833}.Release|Any CPU.Build.0 = Release|Any CPU
		{EA99891C-8774-4693-BDBF-0BED420677EB}.Debug|Any CPU.ActiveCfg = Debug|Any CPU
		{EA99891C-8774-4693-BDBF-0BED420677EB}.Debug|Any CPU.Build.0 = Debug|Any CPU
		{EA99891C-8774-4693-BDBF-0BED420677EB}.Release|Any CPU.ActiveCfg = Release|Any CPU
		{EA99891C-8774-4693-BDBF-0BED420677EB}.Release|Any CPU.Build.0 = Release|Any CPU
		{B82E46D1-EFDA-46B4-A568-80697F2A9438}.Debug|Any CPU.ActiveCfg = Debug|Any CPU
		{B82E46D1-EFDA-46B4-A568-80697F2A9438}.Debug|Any CPU.Build.0 = Debug|Any CPU
		{B82E46D1-EFDA-46B4-A568-80697F2A9438}.Release|Any CPU.ActiveCfg = Release|Any CPU
		{B82E46D1-EFDA-46B4-A568-80697F2A9438}.Release|Any CPU.Build.0 = Release|Any CPU
	EndGlobalSection
	GlobalSection(SolutionProperties) = preSolution
		HideSolutionNode = FALSE
	EndGlobalSection
	GlobalSection(NestedProjects) = preSolution
		{B38BA2A3-DE5C-4800-9EB8-976377FB70A7} = {C0044E40-ADF4-4A12-A663-62CB16550899}
		{CCF21118-E789-49DB-895D-9B787194B1A1} = {C0044E40-ADF4-4A12-A663-62CB16550899}
		{65742A0A-2686-40B0-BE0E-C6928ED7EDD4} = {C0044E40-ADF4-4A12-A663-62CB16550899}
		{03F96D64-25EC-4A6A-AC95-67185B5E6833} = {2BA21453-ABDD-4DEF-86BC-7EA565610B9E}
		{EA99891C-8774-4693-BDBF-0BED420677EB} = {2BA21453-ABDD-4DEF-86BC-7EA565610B9E}
		{B82E46D1-EFDA-46B4-A568-80697F2A9438} = {2BA21453-ABDD-4DEF-86BC-7EA565610B9E}
	EndGlobalSection
	GlobalSection(ExtensibilityGlobals) = postSolution
		SolutionGuid = {B5E6E1E0-8987-4D23-BCE7-2C391F47543A}
	EndGlobalSection
EndGlobal
